
Microsoft Visual Studio Solution File, Format Version 12.00
Project("{FAE04EC0-301F-11D3-BF4B-00C04F79EFBC}") = "day-1", "day-1\day-1.csproj", "{A699BF8C-82A9-4220-A9D1-11DD680DCD44}"
EndProject
Project("{FAE04EC0-301F-11D3-BF4B-00C04F79EFBC}") = "day-2", "day-2\day-2.csproj", "{F9A5081E-3D8C-4C58-9E99-4C46D398851D}"
EndProject
Project("{FAE04EC0-301F-11D3-BF4B-00C04F79EFBC}") = "day-3", "day-3\day-3.csproj", "{FA7DC0D5-A5E5-431C-A463-A98D8C9094B1}"
EndProject
Global
	GlobalSection(SolutionConfigurationPlatforms) = preSolution
		Debug|Any CPU = Debug|Any CPU
		Release|Any CPU = Release|Any CPU
	EndGlobalSection
	GlobalSection(ProjectConfigurationPlatforms) = postSolution
		{A699BF8C-82A9-4220-A9D1-11DD680DCD44}.Debug|Any CPU.ActiveCfg = Debug|Any CPU
		{A699BF8C-82A9-4220-A9D1-11DD680DCD44}.Debug|Any CPU.Build.0 = Debug|Any CPU
		{A699BF8C-82A9-4220-A9D1-11DD680DCD44}.Release|Any CPU.ActiveCfg = Release|Any CPU
		{A699BF8C-82A9-4220-A9D1-11DD680DCD44}.Release|Any CPU.Build.0 = Release|Any CPU
		{F9A5081E-3D8C-4C58-9E99-4C46D398851D}.Debug|Any CPU.ActiveCfg = Debug|Any CPU
		{F9A5081E-3D8C-4C58-9E99-4C46D398851D}.Debug|Any CPU.Build.0 = Debug|Any CPU
		{F9A5081E-3D8C-4C58-9E99-4C46D398851D}.Release|Any CPU.ActiveCfg = Release|Any CPU
		{F9A5081E-3D8C-4C58-9E99-4C46D398851D}.Release|Any CPU.Build.0 = Release|Any CPU
		{FA7DC0D5-A5E5-431C-A463-A98D8C9094B1}.Debug|Any CPU.ActiveCfg = Debug|Any CPU
		{FA7DC0D5-A5E5-431C-A463-A98D8C9094B1}.Debug|Any CPU.Build.0 = Debug|Any CPU
		{FA7DC0D5-A5E5-431C-A463-A98D8C9094B1}.Release|Any CPU.ActiveCfg = Release|Any CPU
		{FA7DC0D5-A5E5-431C-A463-A98D8C9094B1}.Release|Any CPU.Build.0 = Release|Any CPU
	EndGlobalSection
EndGlobal
